github.com/google/go-cmp v0.4.1 h1:/exdXoGamhu5ONeUJH0deniYLWYvQwW66yvlfiiKTu0=
github.com/google/go-cmp v0.4.1/go.mod h1:v8dTdLbMG2kIc/vJvl+f65V22dbkXbowE6jgT/gNBxE=
github.com/gorilla/mux v1.7.4 h1:VuZ8uybHlWmqV03+zRzdwKL4tUnIp1MAQtp1mIFE1bc=
github.com/gorilla/mux v1.7.4/go.mod h1:DVbg23sWSpFRCP0SfiEN6jmj59UnW/n46BH5rLB71So=
github.com/lib/pq v1.8.0 h1:9xohqzkUwzR4Ga4ivdTcawVS89YSDVxXMa3xJX3cGzg=
github.com/lib/pq v1.8.0/go.mod h1:AlVN5x4E4T544tWzH6hKfbfQvm3HdbOxrmggDNAPY9o=
github.com/sethvargo/go-envconfig v0.2.3 h1:gtKpCHoZT1P542H9z5SBxbnZ9GZuVBwC+0qUG2Kpp6s=
github.com/sethvargo/go-envconfig v0.2.3/go.mod h1:XZ2JRR7vhlBEO5zMmOpLgUhgYltqYqq4d4tKagtPUv0=
github.com/smartystreets/assertions v1.1.0 h1:MkTeG1DMwsrdH7QtLXy5W+fUxWq+vmb6cLmyJ7aRtF0=
github.com/smartystreets/assertions v1.1.0/go.mod h1:tcbTF8ujkAEcZ8TElKY+i30BzYlVhC/LOxJk7iOWnoo=
github.com/smartystreets/gunit v1.3.4 h1:iHc8Rfhb/uCOc9a3KGuD3ut22L+hLIVaqR1o5fS6zC4=
github.com/smartystreets/gunit v1.3.4/go.mod h1:ZjM1ozSIMJlAz/ay4SG8PeKF00ckUp+zMHZXV9/bvak=
github.com/smartystreets/scanners v1.0.3 h1:25PCTG2uYvvT0B3UOyKdcrpstWMVGCtnO25KmYxXqOU=
github.com/smartystreets/scanners v1.0.3/go.mod h1:XJmjkAcsZEi8WEcWnt+6CApO85lMWfSYygMkzfB2rOA=
golang.org/x/xerrors v0.0.0-20191204190536-9bdfabe68543/go.mod h1:I/5z698sn9Ka8TeJc9MKroUUfqBBauWjQqLJ2OPfmY0=
